PODS:
  - CMDQueryStringSerialization (0.2.0)
  - OCMock (2.2.4)
  - SPYTestLog (0.0.3)

DEPENDENCIES:
  - CMDQueryStringSerialization (~> 0.2)
  - OCMock
  - SPYTestLog

SPEC CHECKSUMS:
  CMDQueryStringSerialization: 6e9b97d0e4d9547419b6f9b428adc423a6e6e511
  OCMock: 5008fae4b4789b8fc3e48cd7660f2eb5ef8ce89e
  SPYTestLog: 830880fc633fabfb083f1f51f707af05a3ac51de

COCOAPODS: 0.32.1
